
Microsoft Visual Studio Solution File, Format Version 12.00
# Visual Studio Version 16
VisualStudioVersion = 16.0.29609.76
MinimumVisualStudioVersion = 10.0.40219.1
Project("{FAE04EC0-301F-11D3-BF4B-00C04F79EFBC}") = "MarsDeviceManager", "MarsDeviceManager\MarsDeviceManager.csproj", "{5ACAAC88-0056-458F-9BC6-AD7DC075E670}"
EndProject
Project("{FAE04EC0-301F-11D3-BF4B-00C04F79EFBC}") = "TestClient", "TestClient\TestClient.csproj", "{C5221EF3-68FC-4986-A372-1502D8128DE1}"
EndProject
Project("{FAE04EC0-301F-11D3-BF4B-00C04F79EFBC}") = "SensorStandardImage", "SensorStandardImage\SensorStandardImage.csproj", "{326EBEA1-8D56-45E3-B883-109A59171040}"
EndProject
Project("{9A19103F-16F7-4668-BE54-9A1E7A4F7556}") = "TestClient.Core", "TestClient.Core\TestClient.Core.csproj", "{F215B484-93D2-4919-9344-32DCE50C6B4E}"
EndProject
Project("{9A19103F-16F7-4668-BE54-9A1E7A4F7556}") = "MrsDeviceManager.Core", "MrsDeviceManager.Core\MrsDeviceManager.Core.csproj", "{DEFECD3B-9E4A-40B6-954B-7E10067293DE}"
EndProject
Global
	GlobalSection(SolutionConfigurationPlatforms) = preSolution
		Debug|Any CPU = Debug|Any CPU
		Release|Any CPU = Release|Any CPU
	EndGlobalSection
	GlobalSection(ProjectConfigurationPlatforms) = postSolution
		{5ACAAC88-0056-458F-9BC6-AD7DC075E670}.Debug|Any CPU.ActiveCfg = Debug|Any CPU
		{5ACAAC88-0056-458F-9BC6-AD7DC075E670}.Debug|Any CPU.Build.0 = Debug|Any CPU
		{5ACAAC88-0056-458F-9BC6-AD7DC075E670}.Release|Any CPU.ActiveCfg = Release|Any CPU
		{5ACAAC88-0056-458F-9BC6-AD7DC075E670}.Release|Any CPU.Build.0 = Release|Any CPU
		{C5221EF3-68FC-4986-A372-1502D8128DE1}.Debug|Any CPU.ActiveCfg = Debug|Any CPU
		{C5221EF3-68FC-4986-A372-1502D8128DE1}.Debug|Any CPU.Build.0 = Debug|Any CPU
		{C5221EF3-68FC-4986-A372-1502D8128DE1}.Release|Any CPU.ActiveCfg = Release|Any CPU
		{C5221EF3-68FC-4986-A372-1502D8128DE1}.Release|Any CPU.Build.0 = Release|Any CPU
		{326EBEA1-8D56-45E3-B883-109A59171040}.Debug|Any CPU.ActiveCfg = Debug|Any CPU
		{326EBEA1-8D56-45E3-B883-109A59171040}.Debug|Any CPU.Build.0 = Debug|Any CPU
		{326EBEA1-8D56-45E3-B883-109A59171040}.Release|Any CPU.ActiveCfg = Release|Any CPU
		{326EBEA1-8D56-45E3-B883-109A59171040}.Release|Any CPU.Build.0 = Release|Any CPU
		{F215B484-93D2-4919-9344-32DCE50C6B4E}.Debug|Any CPU.ActiveCfg = Debug|Any CPU
		{F215B484-93D2-4919-9344-32DCE50C6B4E}.Debug|Any CPU.Build.0 = Debug|Any CPU
		{F215B484-93D2-4919-9344-32DCE50C6B4E}.Release|Any CPU.ActiveCfg = Release|Any CPU
		{F215B484-93D2-4919-9344-32DCE50C6B4E}.Release|Any CPU.Build.0 = Release|Any CPU
		{DEFECD3B-9E4A-40B6-954B-7E10067293DE}.Debug|Any CPU.ActiveCfg = Debug|Any CPU
		{DEFECD3B-9E4A-40B6-954B-7E10067293DE}.Debug|Any CPU.Build.0 = Debug|Any CPU
		{DEFECD3B-9E4A-40B6-954B-7E10067293DE}.Release|Any CPU.ActiveCfg = Release|Any CPU
		{DEFECD3B-9E4A-40B6-954B-7E10067293DE}.Release|Any CPU.Build.0 = Release|Any CPU
	EndGlobalSection
	GlobalSection(SolutionProperties) = preSolution
		HideSolutionNode = FALSE
	EndGlobalSection
	GlobalSection(ExtensibilityGlobals) = postSolution
		SolutionGuid = {3F1B9D36-185B-4088-8DD9-1DF9A0B8B542}
	EndGlobalSection
EndGlobal
